PODS:
  - Alamofire (4.9.0)
  - UPIMobileiOSSDK (1.0.0):
    - Alamofire (= 4.9.0)

DEPENDENCIES:
  - UPIMobileiOSSDK (from `./UPIMobileiOSSDK`)

SPEC REPOS:
  trunk:
    - Alamofire

EXTERNAL SOURCES:
  UPIMobileiOSSDK:
    :path: "./UPIMobileiOSSDK"

SPEC CHECKSUMS:
  Alamofire: afc3e7c6db61476cb45cdd23fed06bad03bbc321
  UPIMobileiOSSDK: 32ceab1d89a3981cc5f1ec1ad6844a38b3e5f77e

PODFILE CHECKSUM: 9a0002445231a87bdcf664849ad95c1e97eae9a0

COCOAPODS: 1.11.3
